
Microsoft Visual Studio Solution File, Format Version 12.00
# Visual Studio Version 17
VisualStudioVersion = 17.5.33530.505
MinimumVisualStudioVersion = 10.0.40219.1
Project("{FAE04EC0-301F-11D3-BF4B-00C04F79EFBC}") = "MiChangarro", "MiChangarro\MiChangarro.csproj", "{BB01E476-B5A1-4279-BA14-40BB344DC5CC}"
EndProject
Global
	GlobalSection(SolutionConfigurationPlatforms) = preSolution
		Debug|Any CPU = Debug|Any CPU
		Release|Any CPU = Release|Any CPU
	EndGlobalSection
	GlobalSection(ProjectConfigurationPlatforms) = postSolution
		{BB01E476-B5A1-4279-BA14-40BB344DC5CC}.Debug|Any CPU.ActiveCfg = Debug|Any CPU
		{BB01E476-B5A1-4279-BA14-40BB344DC5CC}.Debug|Any CPU.Build.0 = Debug|Any CPU
		{BB01E476-B5A1-4279-BA14-40BB344DC5CC}.Release|Any CPU.ActiveCfg = Release|Any CPU
		{BB01E476-B5A1-4279-BA14-40BB344DC5CC}.Release|Any CPU.Build.0 = Release|Any CPU
	EndGlobalSection
	GlobalSection(SolutionProperties) = preSolution
		HideSolutionNode = FALSE
	EndGlobalSection
	GlobalSection(ExtensibilityGlobals) = postSolution
		SolutionGuid = {37B978DD-CF41-4A60-B066-48289EC33374}
	EndGlobalSection
EndGlobal
